
Microsoft Visual Studio Solution File, Format Version 12.00
Project("{FAE04EC0-301F-11D3-BF4B-00C04F79EFBC}") = "Academy.Web", "Academy.Web\Academy.Web.csproj", "{63709595-3975-446A-9942-A94635116DF3}"
EndProject
Project("{2150E333-8FDC-42A3-9474-1A3956D46DE8}") = "Application", "Application", "{DD925ECB-73A2-4CEF-96DD-69563276A773}"
EndProject
Project("{2150E333-8FDC-42A3-9474-1A3956D46DE8}") = "Data", "Data", "{0703A940-7F94-4EEF-933D-98F3A53CAF15}"
EndProject
Project("{2150E333-8FDC-42A3-9474-1A3956D46DE8}") = "IOC", "IOC", "{029B466C-3FBC-41C4-AE18-E3EC40BA4DEF}"
EndProject
Project("{2150E333-8FDC-42A3-9474-1A3956D46DE8}") = "Presentation", "Presentation", "{D60EE5A7-1383-4CE1-B2E9-67B40731A77A}"
EndProject
Project("{2150E333-8FDC-42A3-9474-1A3956D46DE8}") = "Domain", "Domain", "{D1B05C8B-52ED-412E-8025-0A74BB9C6CB9}"
EndProject
Project("{FAE04EC0-301F-11D3-BF4B-00C04F79EFBC}") = "Academy.IOC", "Academy.IOC\Academy.IOC.csproj", "{330C49A7-393E-4806-B73C-CAD1653980D3}"
EndProject
Project("{FAE04EC0-301F-11D3-BF4B-00C04F79EFBC}") = "Academy.Domain", "Academy.Domain\Academy.Domain.csproj", "{FE7EE2FD-0F0D-4E32-8CA9-4110C9F07ABD}"
EndProject
Project("{FAE04EC0-301F-11D3-BF4B-00C04F79EFBC}") = "Academy.Data", "Academy.Data\Academy.Data.csproj", "{1B38E868-9733-458B-AB1F-D10822E13965}"
EndProject
Project("{FAE04EC0-301F-11D3-BF4B-00C04F79EFBC}") = "Academy.Application", "Academy.Application\Academy.Application.csproj", "{A0332A47-865A-427D-AA42-04BCB1012967}"
EndProject
Global
	GlobalSection(SolutionConfigurationPlatforms) = preSolution
		Debug|Any CPU = Debug|Any CPU
		Release|Any CPU = Release|Any CPU
	EndGlobalSection
	GlobalSection(ProjectConfigurationPlatforms) = postSolution
		{63709595-3975-446A-9942-A94635116DF3}.Debug|Any CPU.ActiveCfg = Debug|Any CPU
		{63709595-3975-446A-9942-A94635116DF3}.Debug|Any CPU.Build.0 = Debug|Any CPU
		{63709595-3975-446A-9942-A94635116DF3}.Release|Any CPU.ActiveCfg = Release|Any CPU
		{63709595-3975-446A-9942-A94635116DF3}.Release|Any CPU.Build.0 = Release|Any CPU
		{330C49A7-393E-4806-B73C-CAD1653980D3}.Debug|Any CPU.ActiveCfg = Debug|Any CPU
		{330C49A7-393E-4806-B73C-CAD1653980D3}.Debug|Any CPU.Build.0 = Debug|Any CPU
		{330C49A7-393E-4806-B73C-CAD1653980D3}.Release|Any CPU.ActiveCfg = Release|Any CPU
		{330C49A7-393E-4806-B73C-CAD1653980D3}.Release|Any CPU.Build.0 = Release|Any CPU
		{FE7EE2FD-0F0D-4E32-8CA9-4110C9F07ABD}.Debug|Any CPU.ActiveCfg = Debug|Any CPU
		{FE7EE2FD-0F0D-4E32-8CA9-4110C9F07ABD}.Debug|Any CPU.Build.0 = Debug|Any CPU
		{FE7EE2FD-0F0D-4E32-8CA9-4110C9F07ABD}.Release|Any CPU.ActiveCfg = Release|Any CPU
		{FE7EE2FD-0F0D-4E32-8CA9-4110C9F07ABD}.Release|Any CPU.Build.0 = Release|Any CPU
		{1B38E868-9733-458B-AB1F-D10822E13965}.Debug|Any CPU.ActiveCfg = Debug|Any CPU
		{1B38E868-9733-458B-AB1F-D10822E13965}.Debug|Any CPU.Build.0 = Debug|Any CPU
		{1B38E868-9733-458B-AB1F-D10822E13965}.Release|Any CPU.ActiveCfg = Release|Any CPU
		{1B38E868-9733-458B-AB1F-D10822E13965}.Release|Any CPU.Build.0 = Release|Any CPU
		{A0332A47-865A-427D-AA42-04BCB1012967}.Debug|Any CPU.ActiveCfg = Debug|Any CPU
		{A0332A47-865A-427D-AA42-04BCB1012967}.Debug|Any CPU.Build.0 = Debug|Any CPU
		{A0332A47-865A-427D-AA42-04BCB1012967}.Release|Any CPU.ActiveCfg = Release|Any CPU
		{A0332A47-865A-427D-AA42-04BCB1012967}.Release|Any CPU.Build.0 = Release|Any CPU
	EndGlobalSection
	GlobalSection(NestedProjects) = preSolution
		{63709595-3975-446A-9942-A94635116DF3} = {D60EE5A7-1383-4CE1-B2E9-67B40731A77A}
		{330C49A7-393E-4806-B73C-CAD1653980D3} = {029B466C-3FBC-41C4-AE18-E3EC40BA4DEF}
		{FE7EE2FD-0F0D-4E32-8CA9-4110C9F07ABD} = {D1B05C8B-52ED-412E-8025-0A74BB9C6CB9}
		{1B38E868-9733-458B-AB1F-D10822E13965} = {0703A940-7F94-4EEF-933D-98F3A53CAF15}
		{A0332A47-865A-427D-AA42-04BCB1012967} = {DD925ECB-73A2-4CEF-96DD-69563276A773}
	EndGlobalSection
EndGlobal
